
Microsoft Visual Studio Solution File, Format Version 12.00
# Visual Studio Version 17
VisualStudioVersion = 17.4.33213.308
MinimumVisualStudioVersion = 10.0.40219.1
Project("{FAE04EC0-301F-11D3-BF4B-00C04F79EFBC}") = "Calculator.Android", "Calculator\Calculator.Android\Calculator.Android.csproj", "{10AB3DC0-D51D-426D-B4B1-EEF7A19CB570}"
EndProject
Project("{FAE04EC0-301F-11D3-BF4B-00C04F79EFBC}") = "Calculator.iOS", "Calculator\Calculator.iOS\Calculator.iOS.csproj", "{30BCE79E-F98F-426D-9B52-F2438FBCCA61}"
EndProject
Project("{FAE04EC0-301F-11D3-BF4B-00C04F79EFBC}") = "Calculator", "Calculator\Calculator\Calculator.csproj", "{6EAF72A1-FCAA-452C-8508-C64C0DAD8EE1}"
EndProject
Global
	GlobalSection(SolutionConfigurationPlatforms) = preSolution
		Debug|Any CPU = Debug|Any CPU
		Debug|iPhone = Debug|iPhone
		Debug|iPhoneSimulator = Debug|iPhoneSimulator
		Release|Any CPU = Release|Any CPU
		Release|iPhone = Release|iPhone
		Release|iPhoneSimulator = Release|iPhoneSimulator
	EndGlobalSection
	GlobalSection(ProjectConfigurationPlatforms) = postSolution
		{10AB3DC0-D51D-426D-B4B1-EEF7A19CB570}.Debug|Any CPU.ActiveCfg = Debug|Any CPU
		{10AB3DC0-D51D-426D-B4B1-EEF7A19CB570}.Debug|Any CPU.Build.0 = Debug|Any CPU
		{10AB3DC0-D51D-426D-B4B1-EEF7A19CB570}.Debug|Any CPU.Deploy.0 = Debug|Any CPU
		{10AB3DC0-D51D-426D-B4B1-EEF7A19CB570}.Debug|iPhone.ActiveCfg = Debug|Any CPU
		{10AB3DC0-D51D-426D-B4B1-EEF7A19CB570}.Debug|iPhone.Build.0 = Debug|Any CPU
		{10AB3DC0-D51D-426D-B4B1-EEF7A19CB570}.Debug|iPhone.Deploy.0 = Debug|Any CPU
		{10AB3DC0-D51D-426D-B4B1-EEF7A19CB570}.Debug|iPhoneSimulator.ActiveCfg = Debug|Any CPU
		{10AB3DC0-D51D-426D-B4B1-EEF7A19CB570}.Debug|iPhoneSimulator.Build.0 = Debug|Any CPU
		{10AB3DC0-D51D-426D-B4B1-EEF7A19CB570}.Debug|iPhoneSimulator.Deploy.0 = Debug|Any CPU
		{10AB3DC0-D51D-426D-B4B1-EEF7A19CB570}.Release|Any CPU.ActiveCfg = Release|Any CPU
		{10AB3DC0-D51D-426D-B4B1-EEF7A19CB570}.Release|Any CPU.Build.0 = Release|Any CPU
		{10AB3DC0-D51D-426D-B4B1-EEF7A19CB570}.Release|Any CPU.Deploy.0 = Release|Any CPU
		{10AB3DC0-D51D-426D-B4B1-EEF7A19CB570}.Release|iPhone.ActiveCfg = Release|Any CPU
		{10AB3DC0-D51D-426D-B4B1-EEF7A19CB570}.Release|iPhone.Build.0 = Release|Any CPU
		{10AB3DC0-D51D-426D-B4B1-EEF7A19CB570}.Release|iPhone.Deploy.0 = Release|Any CPU
		{10AB3DC0-D51D-426D-B4B1-EEF7A19CB570}.Release|iPhoneSimulator.ActiveCfg = Release|Any CPU
		{10AB3DC0-D51D-426D-B4B1-EEF7A19CB570}.Release|iPhoneSimulator.Build.0 = Release|Any CPU
		{10AB3DC0-D51D-426D-B4B1-EEF7A19CB570}.Release|iPhoneSimulator.Deploy.0 = Release|Any CPU
		{30BCE79E-F98F-426D-9B52-F2438FBCCA61}.Debug|Any CPU.ActiveCfg = Debug|iPhone
		{30BCE79E-F98F-426D-9B52-F2438FBCCA61}.Debug|Any CPU.Build.0 = Debug|iPhone
		{30BCE79E-F98F-426D-9B52-F2438FBCCA61}.Debug|Any CPU.Deploy.0 = Debug|iPhone
		{30BCE79E-F98F-426D-9B52-F2438FBCCA61}.Debug|iPhone.ActiveCfg = Debug|iPhone
		{30BCE79E-F98F-426D-9B52-F2438FBCCA61}.Debug|iPhone.Build.0 = Debug|iPhone
		{30BCE79E-F98F-426D-9B52-F2438FBCCA61}.Debug|iPhone.Deploy.0 = Debug|iPhone
		{30BCE79E-F98F-426D-9B52-F2438FBCCA61}.Debug|iPhoneSimulator.ActiveCfg = Debug|iPhoneSimulator
		{30BCE79E-F98F-426D-9B52-F2438FBCCA61}.Debug|iPhoneSimulator.Build.0 = Debug|iPhoneSimulator
		{30BCE79E-F98F-426D-9B52-F2438FBCCA61}.Debug|iPhoneSimulator.Deploy.0 = Debug|iPhoneSimulator
		{30BCE79E-F98F-426D-9B52-F2438FBCCA61}.Release|Any CPU.ActiveCfg = Release|iPhoneSimulator
		{30BCE79E-F98F-426D-9B52-F2438FBCCA61}.Release|Any CPU.Build.0 = Release|iPhoneSimulator
		{30BCE79E-F98F-426D-9B52-F2438FBCCA61}.Release|Any CPU.Deploy.0 = Release|iPhoneSimulator
		{30BCE79E-F98F-426D-9B52-F2438FBCCA61}.Release|iPhone.ActiveCfg = Release|iPhone
		{30BCE79E-F98F-426D-9B52-F2438FBCCA61}.Release|iPhone.Build.0 = Release|iPhone
		{30BCE79E-F98F-426D-9B52-F2438FBCCA61}.Release|iPhone.Deploy.0 = Release|iPhone
		{30BCE79E-F98F-426D-9B52-F2438FBCCA61}.Release|iPhoneSimulator.ActiveCfg = Release|iPhoneSimulator
		{30BCE79E-F98F-426D-9B52-F2438FBCCA61}.Release|iPhoneSimulator.Build.0 = Release|iPhoneSimulator
		{30BCE79E-F98F-426D-9B52-F2438FBCCA61}.Release|iPhoneSimulator.Deploy.0 = Release|iPhoneSimulator
		{6EAF72A1-FCAA-452C-8508-C64C0DAD8EE1}.Debug|Any CPU.ActiveCfg = Debug|Any CPU
		{6EAF72A1-FCAA-452C-8508-C64C0DAD8EE1}.Debug|Any CPU.Build.0 = Debug|Any CPU
		{6EAF72A1-FCAA-452C-8508-C64C0DAD8EE1}.Debug|Any CPU.Deploy.0 = Debug|Any CPU
		{6EAF72A1-FCAA-452C-8508-C64C0DAD8EE1}.Debug|iPhone.ActiveCfg = Debug|Any CPU
		{6EAF72A1-FCAA-452C-8508-C64C0DAD8EE1}.Debug|iPhone.Build.0 = Debug|Any CPU
		{6EAF72A1-FCAA-452C-8508-C64C0DAD8EE1}.Debug|iPhone.Deploy.0 = Debug|Any CPU
		{6EAF72A1-FCAA-452C-8508-C64C0DAD8EE1}.Debug|iPhoneSimulator.ActiveCfg = Debug|Any CPU
		{6EAF72A1-FCAA-452C-8508-C64C0DAD8EE1}.Debug|iPhoneSimulator.Build.0 = Debug|Any CPU
		{6EAF72A1-FCAA-452C-8508-C64C0DAD8EE1}.Debug|iPhoneSimulator.Deploy.0 = Debug|Any CPU
		{6EAF72A1-FCAA-452C-8508-C64C0DAD8EE1}.Release|Any CPU.ActiveCfg = Release|Any CPU
		{6EAF72A1-FCAA-452C-8508-C64C0DAD8EE1}.Release|Any CPU.Build.0 = Release|Any CPU
		{6EAF72A1-FCAA-452C-8508-C64C0DAD8EE1}.Release|Any CPU.Deploy.0 = Release|Any CPU
		{6EAF72A1-FCAA-452C-8508-C64C0DAD8EE1}.Release|iPhone.ActiveCfg = Release|Any CPU
		{6EAF72A1-FCAA-452C-8508-C64C0DAD8EE1}.Release|iPhone.Build.0 = Release|Any CPU
		{6EAF72A1-FCAA-452C-8508-C64C0DAD8EE1}.Release|iPhone.Deploy.0 = Release|Any CPU
		{6EAF72A1-FCAA-452C-8508-C64C0DAD8EE1}.Release|iPhoneSimulator.ActiveCfg = Release|Any CPU
		{6EAF72A1-FCAA-452C-8508-C64C0DAD8EE1}.Release|iPhoneSimulator.Build.0 = Release|Any CPU
		{6EAF72A1-FCAA-452C-8508-C64C0DAD8EE1}.Release|iPhoneSimulator.Deploy.0 = Release|Any CPU
	EndGlobalSection
	GlobalSection(SolutionProperties) = preSolution
		HideSolutionNode = FALSE
	EndGlobalSection
	GlobalSection(ExtensibilityGlobals) = postSolution
		SolutionGuid = {E4F8B32E-F487-4A39-BFD5-488AAE41315A}
	EndGlobalSection
EndGlobal
